{
  "object": {
    "pins": [
      {
        "package": "Alamofire",
        "repositoryURL": "https://github.com/Alamofire/Alamofire.git",
        "state": {
          "branch": null,
          "revision": "b8995447518fd57af14c88a47f27434a16f60403",
          "version": "4.5.1"
        }
      },
      {
        "package": "CryptoSwift",
        "repositoryURL": "https://github.com/krzyzanowskim/CryptoSwift",
        "state": {
          "branch": null,
          "revision": "d0084e4a6fe9490b3baab3d3c2aad58d3a852daf",
          "version": "0.8.0"
        }
      },
      {
        "package": "SwiftyJSON",
        "repositoryURL": "https://github.com/SwiftyJSON/SwiftyJSON",
        "state": {
          "branch": null,
          "revision": "de309166a48a9dfc51d5bc4c55c0664d981de311",
          "version": "4.0.0"
        }
      }
    ]
  },
  "version": 1
}
